
Microsoft Visual Studio Solution File, Format Version 12.00
# Visual Studio Version 16
VisualStudioVersion = 16.0.33920.266
MinimumVisualStudioVersion = 10.0.40219.1
Project("{FAE04EC0-301F-11D3-BF4B-00C04F79EFBC}") = "ConsoleApp1", "ConsoleApp1.csproj", "{AF721E44-2F25-4847-8D98-DB20DB3BE2E9}"
EndProject
Global
	GlobalSection(SolutionConfigurationPlatforms) = preSolution
		Debug|Any CPU = Debug|Any CPU
		Release|Any CPU = Release|Any CPU
	EndGlobalSection
	GlobalSection(ProjectConfigurationPlatforms) = postSolution
		{AF721E44-2F25-4847-8D98-DB20DB3BE2E9}.Debug|Any CPU.ActiveCfg = Debug|Any CPU
		{AF721E44-2F25-4847-8D98-DB20DB3BE2E9}.Debug|Any CPU.Build.0 = Debug|Any CPU
		{AF721E44-2F25-4847-8D98-DB20DB3BE2E9}.Release|Any CPU.ActiveCfg = Release|Any CPU
		{AF721E44-2F25-4847-8D98-DB20DB3BE2E9}.Release|Any CPU.Build.0 = Release|Any CPU
	EndGlobalSection
	GlobalSection(SolutionProperties) = preSolution
		HideSolutionNode = FALSE
	EndGlobalSection
	GlobalSection(ExtensibilityGlobals) = postSolution
		SolutionGuid = {2E9E0453-2CA1-435D-8E2E-9EB80C364E66}
	EndGlobalSection
EndGlobal
